github.com/lbenicio/aboutme-v2-theme v0.0.0-20260621124029-aa6f618f4642 h1:UZvdikIS0GRu4CtHSvZVUrLGmuvtZYMvA2z3hDGj80s=
github.com/lbenicio/aboutme-v2-theme v0.0.0-20260621124029-aa6f618f4642/go.mod h1:xa/rG/eXx234xPAEaSi8MltuNMv0uw4fsB/cvS6UNDs=
github.com/lbenicio/aboutme-v2-theme v0.0.0-20260621161826-a9ec16de67e1 h1:k8LwwuISGI1U/DCJsgiE6xJYT3ZtoW3QcNSJb8Qb33Q=
github.com/lbenicio/aboutme-v2-theme v0.0.0-20260621161826-a9ec16de67e1/go.mod h1:xa/rG/eXx234xPAEaSi8MltuNMv0uw4fsB/cvS6UNDs=
github.com/lbenicio/aboutme-v2-theme v0.0.0-20260621163859-f84aa677af5c h1:qgKFx7BfwMm/XCdjEEtwoPy9SZol5HorigBOGSt6Py4=
github.com/lbenicio/aboutme-v2-theme v0.0.0-20260621163859-f84aa677af5c/go.mod h1:xa/rG/eXx234xPAEaSi8MltuNMv0uw4fsB/cvS6UNDs=
github.com/lbenicio/aboutme-v2-theme v0.0.0-20260621164809-dd42470469ab h1:DI/HMg647EKnw0aAlxEif6XAnTYdj3+yF2e+FXuOPYA=
github.com/lbenicio/aboutme-v2-theme v0.0.0-20260621164809-dd42470469ab/go.mod h1:xa/rG/eXx234xPAEaSi8MltuNMv0uw4fsB/cvS6UNDs=
github.com/lbenicio/aboutme-v2-theme v0.0.0-20260621174943-9ee914f3cf80 h1:DFn9ySnCGKfm/ZglgGOCe4qTscPY0umtdQB0G+v0Jpg=
github.com/lbenicio/aboutme-v2-theme v0.0.0-20260621174943-9ee914f3cf80/go.mod h1:xa/rG/eXx234xPAEaSi8MltuNMv0uw4fsB/cvS6UNDs=
github.com/lbenicio/aboutme-v2-theme v0.0.0-20260621190511-d31f150e81f5 h1:XMQ3CUy+Pg/5ZphstbLzHWEQARQEh9XFi8Nfu2J7UxA=
github.com/lbenicio/aboutme-v2-theme v0.0.0-20260621190511-d31f150e81f5/go.mod h1:xa/rG/eXx234xPAEaSi8MltuNMv0uw4fsB/cvS6UNDs=
